
Microsoft Visual Studio Solution File, Format Version 12.00
# Visual Studio 2012
Project("{FAE04EC0-301F-11D3-BF4B-00C04F79EFBC}") = "ReferenceApplication", "ReferenceApplication\ReferenceApplication.csproj", "{3775DD1D-0A58-4DEC-AD29-CCB2F172C9F7}"
EndProject
Project("{FAE04EC0-301F-11D3-BF4B-00C04F79EFBC}") = "ModelLib", "ModelLib\ModelLib.csproj", "{A028EC9B-B81C-4E1D-869A-16EBF929B5AD}"
EndProject
Project("{FAE04EC0-301F-11D3-BF4B-00C04F79EFBC}") = "UI", "UI\UI.csproj", "{49435173-D143-40F7-A2AE-0A5E52A21DBF}"
EndProject
Project("{FAE04EC0-301F-11D3-BF4B-00C04F79EFBC}") = "ModelInterfaces", "ModelInterfaces\ModelInterfaces.csproj", "{8353B528-EF9F-4B17-BDDC-BFAE4D086003}"
EndProject
Project("{FAE04EC0-301F-11D3-BF4B-00C04F79EFBC}") = "UIControls", "UIControls\UIControls.csproj", "{3C7C8C24-D1C3-405C-A0C8-9D9A32DA9189}"
EndProject
Global
	GlobalSection(SolutionConfigurationPlatforms) = preSolution
		Debug|Any CPU = Debug|Any CPU
		Release|Any CPU = Release|Any CPU
	EndGlobalSection
	GlobalSection(ProjectConfigurationPlatforms) = postSolution
		{3775DD1D-0A58-4DEC-AD29-CCB2F172C9F7}.Debug|Any CPU.ActiveCfg = Debug|Any CPU
		{3775DD1D-0A58-4DEC-AD29-CCB2F172C9F7}.Debug|Any CPU.Build.0 = Debug|Any CPU
		{3775DD1D-0A58-4DEC-AD29-CCB2F172C9F7}.Release|Any CPU.ActiveCfg = Release|Any CPU
		{3775DD1D-0A58-4DEC-AD29-CCB2F172C9F7}.Release|Any CPU.Build.0 = Release|Any CPU
		{A028EC9B-B81C-4E1D-869A-16EBF929B5AD}.Debug|Any CPU.ActiveCfg = Debug|Any CPU
		{A028EC9B-B81C-4E1D-869A-16EBF929B5AD}.Debug|Any CPU.Build.0 = Debug|Any CPU
		{A028EC9B-B81C-4E1D-869A-16EBF929B5AD}.Release|Any CPU.ActiveCfg = Release|Any CPU
		{A028EC9B-B81C-4E1D-869A-16EBF929B5AD}.Release|Any CPU.Build.0 = Release|Any CPU
		{49435173-D143-40F7-A2AE-0A5E52A21DBF}.Debug|Any CPU.ActiveCfg = Debug|Any CPU
		{49435173-D143-40F7-A2AE-0A5E52A21DBF}.Debug|Any CPU.Build.0 = Debug|Any CPU
		{49435173-D143-40F7-A2AE-0A5E52A21DBF}.Release|Any CPU.ActiveCfg = Release|Any CPU
		{49435173-D143-40F7-A2AE-0A5E52A21DBF}.Release|Any CPU.Build.0 = Release|Any CPU
		{8353B528-EF9F-4B17-BDDC-BFAE4D086003}.Debug|Any CPU.ActiveCfg = Debug|Any CPU
		{8353B528-EF9F-4B17-BDDC-BFAE4D086003}.Debug|Any CPU.Build.0 = Debug|Any CPU
		{8353B528-EF9F-4B17-BDDC-BFAE4D086003}.Release|Any CPU.ActiveCfg = Release|Any CPU
		{8353B528-EF9F-4B17-BDDC-BFAE4D086003}.Release|Any CPU.Build.0 = Release|Any CPU
		{3C7C8C24-D1C3-405C-A0C8-9D9A32DA9189}.Debug|Any CPU.ActiveCfg = Debug|Any CPU
		{3C7C8C24-D1C3-405C-A0C8-9D9A32DA9189}.Debug|Any CPU.Build.0 = Debug|Any CPU
		{3C7C8C24-D1C3-405C-A0C8-9D9A32DA9189}.Release|Any CPU.ActiveCfg = Release|Any CPU
		{3C7C8C24-D1C3-405C-A0C8-9D9A32DA9189}.Release|Any CPU.Build.0 = Release|Any CPU
	EndGlobalSection
	GlobalSection(SolutionProperties) = preSolution
		HideSolutionNode = FALSE
	EndGlobalSection
EndGlobal
